
Microsoft Visual Studio Solution File, Format Version 12.00
# Visual Studio Version 16
VisualStudioVersion = 16.0.30011.22
MinimumVisualStudioVersion = 10.0.40219.1
Project("{2150E333-8FDC-42A3-9474-1A3956D46DE8}") = "src", "src", "{4B68090F-C33A-4497-9F2E-F4B92F6967F2}"
EndProject
Project("{2150E333-8FDC-42A3-9474-1A3956D46DE8}") = "Services", "Services", "{A3C07F39-0702-4F25-889D-D50E1DB84A98}"
EndProject
Project("{2150E333-8FDC-42A3-9474-1A3956D46DE8}") = "Web", "Web", "{D7FD0C22-D200-4C3F-B0AF-65CA32071F14}"
EndProject
Project("{9A19103F-16F7-4668-BE54-9A1E7A4F7556}") = "EventCatalogAPI", "EventCatalogAPI\EventCatalogAPI.csproj", "{A385B7B6-8293-4449-8EEB-F275D5B3B38A}"
EndProject
Project("{E53339B2-1760-4266-BCC7-CA923CBCF16C}") = "docker-compose", "docker-compose.dcproj", "{821F49CA-EC26-4484-898A-D516F36907D1}"
EndProject
Project("{FAE04EC0-301F-11D3-BF4B-00C04F79EFBC}") = "WebMvc", "WebMvc\WebMvc.csproj", "{F9293B30-B711-4D3A-A3B1-10B43B73B317}"
EndProject
Global
	GlobalSection(SolutionConfigurationPlatforms) = preSolution
		Debug|Any CPU = Debug|Any CPU
		Release|Any CPU = Release|Any CPU
	EndGlobalSection
	GlobalSection(ProjectConfigurationPlatforms) = postSolution
		{A385B7B6-8293-4449-8EEB-F275D5B3B38A}.Debug|Any CPU.ActiveCfg = Debug|Any CPU
		{A385B7B6-8293-4449-8EEB-F275D5B3B38A}.Debug|Any CPU.Build.0 = Debug|Any CPU
		{A385B7B6-8293-4449-8EEB-F275D5B3B38A}.Release|Any CPU.ActiveCfg = Release|Any CPU
		{A385B7B6-8293-4449-8EEB-F275D5B3B38A}.Release|Any CPU.Build.0 = Release|Any CPU
		{821F49CA-EC26-4484-898A-D516F36907D1}.Debug|Any CPU.ActiveCfg = Debug|Any CPU
		{821F49CA-EC26-4484-898A-D516F36907D1}.Debug|Any CPU.Build.0 = Debug|Any CPU
		{821F49CA-EC26-4484-898A-D516F36907D1}.Release|Any CPU.ActiveCfg = Release|Any CPU
		{821F49CA-EC26-4484-898A-D516F36907D1}.Release|Any CPU.Build.0 = Release|Any CPU
		{F9293B30-B711-4D3A-A3B1-10B43B73B317}.Debug|Any CPU.ActiveCfg = Debug|Any CPU
		{F9293B30-B711-4D3A-A3B1-10B43B73B317}.Debug|Any CPU.Build.0 = Debug|Any CPU
		{F9293B30-B711-4D3A-A3B1-10B43B73B317}.Release|Any CPU.ActiveCfg = Release|Any CPU
		{F9293B30-B711-4D3A-A3B1-10B43B73B317}.Release|Any CPU.Build.0 = Release|Any CPU
	EndGlobalSection
	GlobalSection(SolutionProperties) = preSolution
		HideSolutionNode = FALSE
	EndGlobalSection
	GlobalSection(NestedProjects) = preSolution
		{A3C07F39-0702-4F25-889D-D50E1DB84A98} = {4B68090F-C33A-4497-9F2E-F4B92F6967F2}
		{D7FD0C22-D200-4C3F-B0AF-65CA32071F14} = {4B68090F-C33A-4497-9F2E-F4B92F6967F2}
		{A385B7B6-8293-4449-8EEB-F275D5B3B38A} = {A3C07F39-0702-4F25-889D-D50E1DB84A98}
		{F9293B30-B711-4D3A-A3B1-10B43B73B317} = {D7FD0C22-D200-4C3F-B0AF-65CA32071F14}
	EndGlobalSection
	GlobalSection(ExtensibilityGlobals) = postSolution
		SolutionGuid = {1A8DA0C8-B451-4124-97D2-7E08D68F78E8}
	EndGlobalSection
EndGlobal
